<?xml version="1.0" encoding="utf-8"?>
<Project ToolsVersion="4.0" xmlns="http://schemas.microsoft.com/developer/msbuild/2003">
  <ItemGroup>
    <Filter Include="Source Files">
      <UniqueIdentifier>{4FC737F1-C7A5-4376-A066-2A32D752A2FF}</UniqueIdentifier>
      <Extensions>cpp;c;cc;cxx;c++;cppm;ixx;def;odl;idl;hpj;bat;asm;asmx</Extensions>
    </Filter>
    <Filter Include="Header Files">
      <UniqueIdentifier>{93995380-89BD-4b04-88EB-625FBE52EBFB}</UniqueIdentifier>
      <Extensions>h;hh;hpp;hxx;h++;hm;inl;inc;ipp;xsd</Extensions>
    </Filter>
    <Filter Include="Resource Files">
      <UniqueIdentifier>{67DA6AB6-F800-4c08-8B7A-83BB121AAD01}</UniqueIdentifier>
      <Extensions>rc;ico;cur;bmp;dlg;rc2;rct;bin;rgs;gif;jpg;jpeg;jpe;resx;tiff;tif;png;wav;mfcribbon-ms</Extensions>
    </Filter>
    <Filter Include="Source Files\HiEasyX">
      <UniqueIdentifier>{c36d647c-7b7c-4161-bd88-e1304ce5e7fc}</UniqueIdentifier>
    </Filter>
    <Filter Include="Header Files\HiEasyX">
      <UniqueIdentifier>{efe7b861-006b-447c-bccf-21a538fc30c0}</UniqueIdentifier>
    </Filter>
    <Filter Include="Header Files\irrKlang">
      <UniqueIdentifier>{37110b82-da2a-4642-9544-c839f53a0563}</UniqueIdentifier>
    </Filter>
    <Filter Include="Resource Files\Dlls">
      <UniqueIdentifier>{06f5aaca-d959-425d-9159-74bfe9a62501}</UniqueIdentifier>
    </Filter>
    <Filter Include="Header Files\Helpers">
      <UniqueIdentifier>{5039fa66-38bb-4b31-bbaa-7706dba1af03}</UniqueIdentifier>
    </Filter>
    <Filter Include="Source Files\Helpers">
      <UniqueIdentifier>{802f160c-5e51-4f06-979e-9677e673f59e}</UniqueIdentifier>
    </Filter>
    <Filter Include="Source Files\Windows">
      <UniqueIdentifier>{c398068b-b4a2-48a3-91e4-056c6a54941b}</UniqueIdentifier>
    </Filter>
    <Filter Include="Header Files\Models">
      <UniqueIdentifier>{9b31c108-9b6b-4c0e-b01e-83231ae0290d}</UniqueIdentifier>
    </Filter>
    <Filter Include="Header Files\Windows">
      <UniqueIdentifier>{460fb50f-f4c2-4d69-b3bb-bfb5f69d7ed9}</UniqueIdentifier>
    </Filter>
    <Filter Include="Header Files\EasyX">
      <UniqueIdentifier>{067447f0-d27b-4991-9b39-8a7ed322948f}</UniqueIdentifier>
    </Filter>
  </ItemGroup>
  <ItemGroup>
    <ClCompile Include="main.cpp">
      <Filter>Source Files</Filter>
    </ClCompile>
    <ClCompile Include="HiEasyX\HiGUI\Button.cpp">
      <Filter>Source Files\HiEasyX</Filter>
    </ClCompile>
    <ClCompile Include="HiEasyX\HiGUI\ControlBase.cpp">
      <Filter>Source Files\HiEasyX</Filter>
    </ClCompile>
    <ClCompile Include="HiEasyX\HiCanvas.cpp">
      <Filter>Source Files\HiEasyX</Filter>
    </ClCompile>
    <ClCompile Include="HiEasyX\HiContainer.cpp">
      <Filter>Source Files\HiEasyX</Filter>
    </ClCompile>
    <ClCompile Include="HiEasyX\HiDrawingProperty.cpp">
      <Filter>Source Files\HiEasyX</Filter>
    </ClCompile>
    <ClCompile Include="HiEasyX\HiFPS.cpp">
      <Filter>Source Files\HiEasyX</Filter>
    </ClCompile>
    <ClCompile Include="HiEasyX\HiFunc.cpp">
      <Filter>Source Files\HiEasyX</Filter>
    </ClCompile>
    <ClCompile Include="HiEasyX\HiGdiplus.cpp">
      <Filter>Source Files\HiEasyX</Filter>
    </ClCompile>
    <ClCompile Include="HiEasyX\HiGif.cpp">
      <Filter>Source Files\HiEasyX</Filter>
    </ClCompile>
    <ClCompile Include="HiEasyX\HiIcon.cpp">
      <Filter>Source Files\HiEasyX</Filter>
    </ClCompile>
    <ClCompile Include="HiEasyX\HiMouseDrag.cpp">
      <Filter>Source Files\HiEasyX</Filter>
    </ClCompile>
    <ClCompile Include="HiEasyX\HiMusicMCI.cpp">
      <Filter>Source Files\HiEasyX</Filter>
    </ClCompile>
    <ClCompile Include="HiEasyX\HiStart.cpp">
      <Filter>Source Files\HiEasyX</Filter>
    </ClCompile>
    <ClCompile Include="HiEasyX\HiWindow.cpp">
      <Filter>Source Files\HiEasyX</Filter>
    </ClCompile>
    <ClCompile Include="HiEasyX\HiGUI\Page.cpp">
      <Filter>Source Files\HiEasyX</Filter>
    </ClCompile>
    <ClCompile Include="HiEasyX\HiGUI\ProgressCtrl.cpp">
      <Filter>Source Files\HiEasyX</Filter>
    </ClCompile>
    <ClCompile Include="HiEasyX\HiGUI\ScrollBar.cpp">
      <Filter>Source Files\HiEasyX</Filter>
    </ClCompile>
    <ClCompile Include="HiEasyX\HiGUI\Static.cpp">
      <Filter>Source Files\HiEasyX</Filter>
    </ClCompile>
    <ClCompile Include="HiEasyX\HiSysGUI\SysButton.cpp">
      <Filter>Source Files\HiEasyX</Filter>
    </ClCompile>
    <ClCompile Include="HiEasyX\HiSysGUI\SysCheckBox.cpp">
      <Filter>Source Files\HiEasyX</Filter>
    </ClCompile>
    <ClCompile Include="HiEasyX\HiSysGUI\SysComboBox.cpp">
      <Filter>Source Files\HiEasyX</Filter>
    </ClCompile>
    <ClCompile Include="HiEasyX\HiSysGUI\SysControlBase.cpp">
      <Filter>Source Files\HiEasyX</Filter>
    </ClCompile>
    <ClCompile Include="HiEasyX\HiSysGUI\SysEdit.cpp">
      <Filter>Source Files\HiEasyX</Filter>
    </ClCompile>
    <ClCompile Include="HiEasyX\HiSysGUI\SysGroup.cpp">
      <Filter>Source Files\HiEasyX</Filter>
    </ClCompile>
    <ClCompile Include="HiEasyX\HiSysGUI\SysGroupBox.cpp">
      <Filter>Source Files\HiEasyX</Filter>
    </ClCompile>
    <ClCompile Include="HiEasyX\HiSysGUI\SysRadioButton.cpp">
      <Filter>Source Files\HiEasyX</Filter>
    </ClCompile>
    <ClCompile Include="HiEasyX\HiSysGUI\SysStatic.cpp">
      <Filter>Source Files\HiEasyX</Filter>
    </ClCompile>
    <ClCompile Include="MusicPlayer.cpp">
      <Filter>Source Files</Filter>
    </ClCompile>
    <ClCompile Include="DpiHelper.cpp">
      <Filter>Source Files\Helpers</Filter>
    </ClCompile>
    <ClCompile Include="FileHelper.cpp">
      <Filter>Source Files\Helpers</Filter>
    </ClCompile>
    <ClCompile Include="LyricsHelper.cpp">
      <Filter>Source Files\Helpers</Filter>
    </ClCompile>
    <ClCompile Include="StringHelper.cpp">
      <Filter>Source Files\Helpers</Filter>
    </ClCompile>
    <ClCompile Include="WindowAbout.cpp">
      <Filter>Source Files\Windows</Filter>
    </ClCompile>
    <ClCompile Include="WindowMain.cpp">
      <Filter>Source Files\Windows</Filter>
    </ClCompile>
    <ClCompile Include="TaskHelper.cpp">
      <Filter>Source Files\Helpers</Filter>
    </ClCompile>
    <ClCompile Include="ProcedureHelper.cpp">
      <Filter>Source Files\Helpers</Filter>
    </ClCompile>
    <ClCompile Include="WindowPreviewOutput.cpp">
      <Filter>Source Files\Windows</Filter>
    </ClCompile>
    <ClCompile Include="WindowHelper.cpp">
      <Filter>Source Files\Helpers</Filter>
    </ClCompile>
    <ClCompile Include="FontHelper.cpp">
      <Filter>Source Files\Helpers</Filter>
    </ClCompile>
    <ClCompile Include="WindowPreviewLyrics.cpp">
      <Filter>Source Files\Windows</Filter>
    </ClCompile>
    <ClCompile Include="SettingsHelper.cpp">
      <Filter>Source Files\Helpers</Filter>
    </ClCompile>
    <ClCompile Include="WindowSettings.cpp">
      <Filter>Source Files\Windows</Filter>
    </ClCompile>
  </ItemGroup>
  <ItemGroup>
    <ClInclude Include="HiEasyX\HiGUI\Button.h">
      <Filter>Header Files\HiEasyX</Filter>
    </ClInclude>
    <ClInclude Include="HiEasyX\HiGUI\ControlBase.h">
      <Filter>Header Files\HiEasyX</Filter>
    </ClInclude>
    <ClInclude Include="HiEasyX\HiCanvas.h">
      <Filter>Header Files\HiEasyX</Filter>
    </ClInclude>
    <ClInclude Include="HiEasyX\HiContainer.h">
      <Filter>Header Files\HiEasyX</Filter>
    </ClInclude>
    <ClInclude Include="HiEasyX\HiDef.h">
      <Filter>Header Files\HiEasyX</Filter>
    </ClInclude>
    <ClInclude Include="HiEasyX\HiDrawingProperty.h">
      <Filter>Header Files\HiEasyX</Filter>
    </ClInclude>
    <ClInclude Include="HiEasyX.h">
      <Filter>Header Files\HiEasyX</Filter>
    </ClInclude>
    <ClInclude Include="HiEasyX\HiFPS.h">
      <Filter>Header Files\HiEasyX</Filter>
    </ClInclude>
    <ClInclude Include="HiEasyX\HiFunc.h">
      <Filter>Header Files\HiEasyX</Filter>
    </ClInclude>
    <ClInclude Include="HiEasyX\HiGdiplus.h">
      <Filter>Header Files\HiEasyX</Filter>
    </ClInclude>
    <ClInclude Include="HiEasyX\HiGif.h">
      <Filter>Header Files\HiEasyX</Filter>
    </ClInclude>
    <ClInclude Include="HiEasyX\HiGUI\HiGUI.h">
      <Filter>Header Files\HiEasyX</Filter>
    </ClInclude>
    <ClInclude Include="HiEasyX\HiIcon.h">
      <Filter>Header Files\HiEasyX</Filter>
    </ClInclude>
    <ClInclude Include="HiEasyX\HiMacro.h">
      <Filter>Header Files\HiEasyX</Filter>
    </ClInclude>
    <ClInclude Include="HiEasyX\HiMouseDrag.h">
      <Filter>Header Files\HiEasyX</Filter>
    </ClInclude>
    <ClInclude Include="HiEasyX\HiMusicMCI.h">
      <Filter>Header Files\HiEasyX</Filter>
    </ClInclude>
    <ClInclude Include="HiEasyX\HiStart.h">
      <Filter>Header Files\HiEasyX</Filter>
    </ClInclude>
    <ClInclude Include="HiEasyX\HiSysGUI\HiSysGUI.h">
      <Filter>Header Files\HiEasyX</Filter>
    </ClInclude>
    <ClInclude Include="HiEasyX\HiWindow.h">
      <Filter>Header Files\HiEasyX</Filter>
    </ClInclude>
    <ClInclude Include="HiEasyX\HiGUI\Page.h">
      <Filter>Header Files\HiEasyX</Filter>
    </ClInclude>
    <ClInclude Include="HiEasyX\HiGUI\ProgressCtrl.h">
      <Filter>Header Files\HiEasyX</Filter>
    </ClInclude>
    <ClInclude Include="HiEasyX\HiGUI\ScrollBar.h">
      <Filter>Header Files\HiEasyX</Filter>
    </ClInclude>
    <ClInclude Include="HiEasyX\HiGUI\Static.h">
      <Filter>Header Files\HiEasyX</Filter>
    </ClInclude>
    <ClInclude Include="HiEasyX\HiSysGUI\SysButton.h">
      <Filter>Header Files\HiEasyX</Filter>
    </ClInclude>
    <ClInclude Include="HiEasyX\HiSysGUI\SysCheckBox.h">
      <Filter>Header Files\HiEasyX</Filter>
    </ClInclude>
    <ClInclude Include="HiEasyX\HiSysGUI\SysComboBox.h">
      <Filter>Header Files\HiEasyX</Filter>
    </ClInclude>
    <ClInclude Include="HiEasyX\HiSysGUI\SysControlBase.h">
      <Filter>Header Files\HiEasyX</Filter>
    </ClInclude>
    <ClInclude Include="HiEasyX\HiSysGUI\SysEdit.h">
      <Filter>Header Files\HiEasyX</Filter>
    </ClInclude>
    <ClInclude Include="HiEasyX\HiSysGUI\SysGroup.h">
      <Filter>Header Files\HiEasyX</Filter>
    </ClInclude>
    <ClInclude Include="HiEasyX\HiSysGUI\SysGroupBox.h">
      <Filter>Header Files\HiEasyX</Filter>
    </ClInclude>
    <ClInclude Include="HiEasyX\HiSysGUI\SysRadioButton.h">
      <Filter>Header Files\HiEasyX</Filter>
    </ClInclude>
    <ClInclude Include="HiEasyX\HiSysGUI\SysStatic.h">
      <Filter>Header Files\HiEasyX</Filter>
    </ClInclude>
    <ClInclude Include="resource.h">
      <Filter>Header Files</Filter>
    </ClInclude>
    <ClInclude Include="CommonDefine.h">
      <Filter>Header Files</Filter>
    </ClInclude>
    <ClInclude Include="irrKlang\include\ik_ESoundEngineOptions.h">
      <Filter>Header Files\irrKlang</Filter>
    </ClInclude>
    <ClInclude Include="irrKlang\include\ik_ESoundOutputDrivers.h">
      <Filter>Header Files\irrKlang</Filter>
    </ClInclude>
    <ClInclude Include="irrKlang\include\ik_EStreamModes.h">
      <Filter>Header Files\irrKlang</Filter>
    </ClInclude>
    <ClInclude Include="irrKlang\include\ik_IAudioRecorder.h">
      <Filter>Header Files\irrKlang</Filter>
    </ClInclude>
    <ClInclude Include="irrKlang\include\ik_IAudioStream.h">
      <Filter>Header Files\irrKlang</Filter>
    </ClInclude>
    <ClInclude Include="irrKlang\include\ik_IAudioStreamLoader.h">
      <Filter>Header Files\irrKlang</Filter>
    </ClInclude>
    <ClInclude Include="irrKlang\include\ik_IFileFactory.h">
      <Filter>Header Files\irrKlang</Filter>
    </ClInclude>
    <ClInclude Include="irrKlang\include\ik_IFileReader.h">
      <Filter>Header Files\irrKlang</Filter>
    </ClInclude>
    <ClInclude Include="irrKlang\include\ik_IRefCounted.h">
      <Filter>Header Files\irrKlang</Filter>
    </ClInclude>
    <ClInclude Include="irrKlang\include\ik_irrKlangTypes.h">
      <Filter>Header Files\irrKlang</Filter>
    </ClInclude>
    <ClInclude Include="irrKlang\include\ik_ISound.h">
      <Filter>Header Files\irrKlang</Filter>
    </ClInclude>
    <ClInclude Include="irrKlang\include\ik_ISoundDeviceList.h">
      <Filter>Header Files\irrKlang</Filter>
    </ClInclude>
    <ClInclude Include="irrKlang\include\ik_ISoundEffectControl.h">
      <Filter>Header Files\irrKlang</Filter>
    </ClInclude>
    <ClInclude Include="irrKlang\include\ik_ISoundEngine.h">
      <Filter>Header Files\irrKlang</Filter>
    </ClInclude>
    <ClInclude Include="irrKlang\include\ik_ISoundMixedOutputReceiver.h">
      <Filter>Header Files\irrKlang</Filter>
    </ClInclude>
    <ClInclude Include="irrKlang\include\ik_ISoundSource.h">
      <Filter>Header Files\irrKlang</Filter>
    </ClInclude>
    <ClInclude Include="irrKlang\include\ik_ISoundStopEventReceiver.h">
      <Filter>Header Files\irrKlang</Filter>
    </ClInclude>
    <ClInclude Include="irrKlang\include\ik_IVirtualRefCounted.h">
      <Filter>Header Files\irrKlang</Filter>
    </ClInclude>
    <ClInclude Include="irrKlang\include\ik_SAudioStreamFormat.h">
      <Filter>Header Files\irrKlang</Filter>
    </ClInclude>
    <ClInclude Include="irrKlang\include\ik_vec3d.h">
      <Filter>Header Files\irrKlang</Filter>
    </ClInclude>
    <ClInclude Include="irrKlang\include\irrKlang.h">
      <Filter>Header Files\irrKlang</Filter>
    </ClInclude>
    <ClInclude Include="MusicPlayer.h">
      <Filter>Header Files</Filter>
    </ClInclude>
    <ClInclude Include="DpiHelper.h">
      <Filter>Header Files\Helpers</Filter>
    </ClInclude>
    <ClInclude Include="FileHelper.h">
      <Filter>Header Files\Helpers</Filter>
    </ClInclude>
    <ClInclude Include="StringHelper.h">
      <Filter>Header Files\Helpers</Filter>
    </ClInclude>
    <ClInclude Include="LyricsHelper.h">
      <Filter>Header Files\Helpers</Filter>
    </ClInclude>
    <ClInclude Include="ProcedureHelper.h">
      <Filter>Header Files\Helpers</Filter>
    </ClInclude>
    <ClInclude Include="Lyrics.h">
      <Filter>Header Files\Models</Filter>
    </ClInclude>
    <ClInclude Include="WindowAbout.h">
      <Filter>Header Files\Windows</Filter>
    </ClInclude>
    <ClInclude Include="WindowMain.h">
      <Filter>Header Files\Windows</Filter>
    </ClInclude>
    <ClInclude Include="TaskHelper.h">
      <Filter>Header Files\Helpers</Filter>
    </ClInclude>
    <ClInclude Include="EasyX\include\graphics.h">
      <Filter>Header Files\EasyX</Filter>
    </ClInclude>
    <ClInclude Include="EasyX\include\easyx.h">
      <Filter>Header Files\EasyX</Filter>
    </ClInclude>
    <ClInclude Include="WindowPreviewOutput.h">
      <Filter>Header Files\Windows</Filter>
    </ClInclude>
    <ClInclude Include="WindowHelper.h">
      <Filter>Header Files\Helpers</Filter>
    </ClInclude>
    <ClInclude Include="FontHelper.h">
      <Filter>Header Files\Helpers</Filter>
    </ClInclude>
    <ClInclude Include="WindowPreviewLyrics.h">
      <Filter>Header Files\Windows</Filter>
    </ClInclude>
    <ClInclude Include="SettingsHelper.h">
      <Filter>Header Files\Helpers</Filter>
    </ClInclude>
    <ClInclude Include="WindowSettings.h">
      <Filter>Header Files\Windows</Filter>
    </ClInclude>
  </ItemGroup>
  <ItemGroup>
    <ResourceCompile Include="Lyricify Lines Creator.rc">
      <Filter>Resource Files</Filter>
    </ResourceCompile>
  </ItemGroup>
  <ItemGroup>
    <Image Include="Lyricify Icon.ico">
      <Filter>Resource Files</Filter>
    </Image>
  </ItemGroup>
  <ItemGroup>
    <CopyFileToFolders Include="irrKlang\dll\win32-visualStudio\ikpFlac.dll">
      <Filter>Resource Files\Dlls</Filter>
    </CopyFileToFolders>
    <CopyFileToFolders Include="irrKlang\dll\win32-visualStudio\ikpMP3.dll">
      <Filter>Resource Files\Dlls</Filter>
    </CopyFileToFolders>
    <CopyFileToFolders Include="irrKlang\dll\win32-visualStudio\irrKlang.dll">
      <Filter>Resource Files\Dlls</Filter>
    </CopyFileToFolders>
    <CopyFileToFolders Include="irrKlang\dll\winx64-visualStudio\ikpFlac.dll">
      <Filter>Resource Files\Dlls</Filter>
    </CopyFileToFolders>
    <CopyFileToFolders Include="irrKlang\dll\winx64-visualStudio\ikpMP3.dll">
      <Filter>Resource Files\Dlls</Filter>
    </CopyFileToFolders>
    <CopyFileToFolders Include="irrKlang\dll\winx64-visualStudio\irrKlang.dll">
      <Filter>Resource Files\Dlls</Filter>
    </CopyFileToFolders>
  </ItemGroup>
  <ItemGroup>
    <None Include="packages.config" />
  </ItemGroup>
</Project>